
Microsoft Visual Studio Solution File, Format Version 12.00
# Visual Studio Version 16
VisualStudioVersion = 16.0.30011.22
MinimumVisualStudioVersion = 10.0.40219.1
Project("{FAE04EC0-301F-11D3-BF4B-00C04F79EFBC}") = "Triple Triad .NET", "Triple Triad .NET\Triple Triad .NET.csproj", "{F4758FB1-1487-46FD-9551-81B7433BB08F}"
EndProject
Project("{FAE04EC0-301F-11D3-BF4B-00C04F79EFBC}") = "Tests", "Tests\Tests.csproj", "{3CCC1042-3554-4A5C-A7FD-F46F7F14BFD6}"
EndProject
Global
	GlobalSection(SolutionConfigurationPlatforms) = preSolution
		Debug|Any CPU = Debug|Any CPU
		Release|Any CPU = Release|Any CPU
	EndGlobalSection
	GlobalSection(ProjectConfigurationPlatforms) = postSolution
		{F4758FB1-1487-46FD-9551-81B7433BB08F}.Debug|Any CPU.ActiveCfg = Debug|Any CPU
		{F4758FB1-1487-46FD-9551-81B7433BB08F}.Debug|Any CPU.Build.0 = Debug|Any CPU
		{F4758FB1-1487-46FD-9551-81B7433BB08F}.Release|Any CPU.ActiveCfg = Release|Any CPU
		{F4758FB1-1487-46FD-9551-81B7433BB08F}.Release|Any CPU.Build.0 = Release|Any CPU
		{3CCC1042-3554-4A5C-A7FD-F46F7F14BFD6}.Debug|Any CPU.ActiveCfg = Debug|Any CPU
		{3CCC1042-3554-4A5C-A7FD-F46F7F14BFD6}.Debug|Any CPU.Build.0 = Debug|Any CPU
		{3CCC1042-3554-4A5C-A7FD-F46F7F14BFD6}.Release|Any CPU.ActiveCfg = Release|Any CPU
		{3CCC1042-3554-4A5C-A7FD-F46F7F14BFD6}.Release|Any CPU.Build.0 = Release|Any CPU
	EndGlobalSection
	GlobalSection(SolutionProperties) = preSolution
		HideSolutionNode = FALSE
	EndGlobalSection
	GlobalSection(ExtensibilityGlobals) = postSolution
		SolutionGuid = {F51750FC-D7D3-4932-AB89-2ADC4D757EE9}
	EndGlobalSection
EndGlobal
